
Microsoft Visual Studio Solution File, Format Version 12.00
# Visual Studio 2012
Project("{F184B08F-C81C-45F6-A57F-5ABD9991F28F}") = "Homework5-TheaterSeatingReservation", "Homework5-TheaterSeatingReservation\Homework5-TheaterSeatingReservation.vbproj", "{7EB64343-2623-457F-B1C2-2EACB2F046B1}"
EndProject
Global
	GlobalSection(SolutionConfigurationPlatforms) = preSolution
		Debug|Any CPU = Debug|Any CPU
		Release|Any CPU = Release|Any CPU
	EndGlobalSection
	GlobalSection(ProjectConfigurationPlatforms) = postSolution
		{7EB64343-2623-457F-B1C2-2EACB2F046B1}.Debug|Any CPU.ActiveCfg = Debug|Any CPU
		{7EB64343-2623-457F-B1C2-2EACB2F046B1}.Debug|Any CPU.Build.0 = Debug|Any CPU
		{7EB64343-2623-457F-B1C2-2EACB2F046B1}.Release|Any CPU.ActiveCfg = Release|Any CPU
		{7EB64343-2623-457F-B1C2-2EACB2F046B1}.Release|Any CPU.Build.0 = Release|Any CPU
	EndGlobalSection
	GlobalSection(SolutionProperties) = preSolution
		HideSolutionNode = FALSE
	EndGlobalSection
EndGlobal
